{
    "_readme": [
        "This file locks the dependencies of your project to a known state",
        "Read more about it at https://getcomposer.org/doc/01-basic-usage.md#composer-lock-the-lock-file",
        "This file is @generated automatically"
    ],
    "hash": "add31cde037f36890cd404aaa0435745",
    "content-hash": "7295addf738ec64bc55ec03cd74a9b3a",
    "packages": [
        {
            "name": "bcosca/fatfree",
            "version": "3.5.1",
            "source": {
                "type": "git",
                "url": "https://github.com/bcosca/fatfree.git",
                "reference": "943df693fa3b183f7fec6fb09f9c9f89413228e6"
            },
            "dist": {
                "type": "zip",
                "url": "https://api.github.com/repos/bcosca/fatfree/zipball/943df693fa3b183f7fec6fb09f9c9f89413228e6",
                "reference": "943df693fa3b183f7fec6fb09f9c9f89413228e6",
                "shasum": ""
            },
            "require": {
                "php": ">=5.3.6"
            },
            "type": "library",
            "autoload": {
                "files": [
                    "lib/base.php"
                ]
            },
            "notification-url": "https://packagist.org/downloads/",
            "license": [
                "GPL-3.0"
            ],
            "description": "A powerful yet easy-to-use PHP micro-framework designed to help you build dynamic and robust Web applications - fast!",
            "homepage": "http://fatfreeframework.com/",
            "time": "2015-12-31 17:20:37"
        },
        {
            "name": "metowolf/meting",
            "version": "v1.3.6.1",
            "source": {
                "type": "git",
                "url": "https://github.com/metowolf/Meting.git",
                "reference": "a5ba951c7cbc7020c3fb9b79d7e4d58d7b244680"
            },
            "dist": {
                "type": "zip",
                "url": "https://api.github.com/repos/metowolf/Meting/zipball/a5ba951c7cbc7020c3fb9b79d7e4d58d7b244680",
                "reference": "a5ba951c7cbc7020c3fb9b79d7e4d58d7b244680",
                "shasum": ""
            },
            "require": {
                "ext-curl": "*",
                "ext-openssl": "*",
                "php": ">=5.4.0"
            },
            "type": "library",
            "autoload": {
                "psr-4": {
                    "Metowolf\\": "src/"
                }
            },
            "notification-url": "https://packagist.org/downloads/",
            "license": [
                "MIT"
            ],
            "authors": [
                {
                    "name": "metowolf",
                    "email": "i@i-meto.com",
                    "homepage": "https://i-meto.com"
                }
            ],
            "description": "A powerful music API framework to accelerate development.一个轻量高效的音乐接口类",
            "homepage": "https://github.com/metowolf/Meting",
            "keywords": [
                "lightweight",
                "lighty",
                "music api",
                "php music"
            ],
            "time": "2017-06-25 07:17:15"
        }
    ],
    "packages-dev": [],
    "aliases": [],
    "minimum-stability": "stable",
    "stability-flags": [],
    "prefer-stable": false,
    "prefer-lowest": false,
    "platform": [],
    "platform-dev": []
}
