{
    "_readme": [
        "This file locks the dependencies of your project to a known state",
        "Read more about it at https://getcomposer.org/doc/01-basic-usage.md#composer-lock-the-lock-file",
        "This file is @generated automatically"
    ],
    "content-hash": "d0c5b955a80a75b96acefc1f854ae66e",
    "packages": [
        {
            "name": "bcosca/fatfree",
            "version": "3.6.5",
            "source": {
                "type": "git",
                "url": "https://github.com/bcosca/fatfree.git",
                "reference": "a841d838e8f146486d85e4947fb92e2fa78fdeb8"
            },
            "dist": {
                "type": "zip",
                "url": "https://api.github.com/repos/bcosca/fatfree/zipball/a841d838e8f146486d85e4947fb92e2fa78fdeb8",
                "reference": "a841d838e8f146486d85e4947fb92e2fa78fdeb8",
                "shasum": ""
            },
            "require": {
                "php": ">=5.4"
            },
            "type": "library",
            "autoload": {
                "files": [
                    "lib/base.php"
                ]
            },
            "notification-url": "https://packagist.org/downloads/",
            "license": [
                "GPL-3.0"
            ],
            "description": "A powerful yet easy-to-use PHP micro-framework designed to help you build dynamic and robust Web applications - fast!",
            "homepage": "http://fatfreeframework.com/",
            "time": "2018-12-24T13:43:34+00:00"
        },
        {
            "name": "metowolf/meting",
            "version": "v1.5.7",
            "source": {
                "type": "git",
                "url": "https://github.com/metowolf/Meting.git",
                "reference": "54178aa112da5db09f487d862d7ae62cbf7bc060"
            },
            "dist": {
                "type": "zip",
                "url": "https://api.github.com/repos/metowolf/Meting/zipball/54178aa112da5db09f487d862d7ae62cbf7bc060",
                "reference": "54178aa112da5db09f487d862d7ae62cbf7bc060",
                "shasum": ""
            },
            "require": {
                "ext-curl": "*",
                "ext-openssl": "*",
                "php": ">=5.4.0"
            },
            "suggest": {
                "ext-bcmath": "Required to use BC Math calculate RSA.",
                "ext-openssl": "Required to use OpenSSL encrypt params."
            },
            "type": "library",
            "autoload": {
                "psr-4": {
                    "Metowolf\\": "src/"
                }
            },
            "notification-url": "https://packagist.org/downloads/",
            "license": [
                "MIT"
            ],
            "authors": [
                {
                    "name": "metowolf",
                    "email": "i@i-meto.com",
                    "homepage": "https://i-meto.com"
                }
            ],
            "description": "A powerful music API framework to accelerate development.",
            "homepage": "https://github.com/metowolf/Meting",
            "keywords": [
                "lightweight",
                "lighty",
                "music api",
                "php music"
            ],
            "time": "2019-06-16T05:55:00+00:00"
        }
    ],
    "packages-dev": [],
    "aliases": [],
    "minimum-stability": "stable",
    "stability-flags": [],
    "prefer-stable": false,
    "prefer-lowest": false,
    "platform": [],
    "platform-dev": []
}
